
Microsoft Visual Studio Solution File, Format Version 12.00
# Visual Studio 15
Project("{FAE04EC0-301F-11D3-BF4B-00C04F79EFBC}") = "Assembly-CSharp", "Assembly-CSharp.csproj", "{A7444876-4FCC-A675-5B5D-6150D19C039A}"
EndProject
Project("{FAE04EC0-301F-11D3-BF4B-00C04F79EFBC}") = "Assembly-CSharp-Editor", "Assembly-CSharp-Editor.csproj", "{BEB4E376-8E07-6592-0963-B914A259CF33}"
EndProject
Global
	GlobalSection(SolutionConfigurationPlatforms) = preSolution
		Debug|Any CPU = Debug|Any CPU
		Release|Any CPU = Release|Any CPU
	EndGlobalSection
	GlobalSection(ProjectConfigurationPlatforms) = postSolution
		{A7444876-4FCC-A675-5B5D-6150D19C039A}.Debug|Any CPU.ActiveCfg = Debug|Any CPU
		{A7444876-4FCC-A675-5B5D-6150D19C039A}.Debug|Any CPU.Build.0 = Debug|Any CPU
		{A7444876-4FCC-A675-5B5D-6150D19C039A}.Release|Any CPU.ActiveCfg = Release|Any CPU
		{A7444876-4FCC-A675-5B5D-6150D19C039A}.Release|Any CPU.Build.0 = Release|Any CPU
		{BEB4E376-8E07-6592-0963-B914A259CF33}.Debug|Any CPU.ActiveCfg = Debug|Any CPU
		{BEB4E376-8E07-6592-0963-B914A259CF33}.Debug|Any CPU.Build.0 = Debug|Any CPU
		{BEB4E376-8E07-6592-0963-B914A259CF33}.Release|Any CPU.ActiveCfg = Release|Any CPU
		{BEB4E376-8E07-6592-0963-B914A259CF33}.Release|Any CPU.Build.0 = Release|Any CPU
	EndGlobalSection
	GlobalSection(SolutionProperties) = preSolution
		HideSolutionNode = FALSE
	EndGlobalSection
EndGlobal
